
Microsoft Visual Studio Solution File, Format Version 12.00
Project("{FAE04EC0-301F-11D3-BF4B-00C04F79EFBC}") = "ConfigGenerator", "ConfigGenerator.csproj", "{2BC7E9BA-7663-4AC4-A110-CAEF40C46F3A}"
EndProject
Global
	GlobalSection(SolutionConfigurationPlatforms) = preSolution
		Debug|Any CPU = Debug|Any CPU
		Release|Any CPU = Release|Any CPU
	EndGlobalSection
	GlobalSection(ProjectConfigurationPlatforms) = postSolution
		{2BC7E9BA-7663-4AC4-A110-CAEF40C46F3A}.Debug|Any CPU.ActiveCfg = Debug|Any CPU
		{2BC7E9BA-7663-4AC4-A110-CAEF40C46F3A}.Debug|Any CPU.Build.0 = Debug|Any CPU
		{2BC7E9BA-7663-4AC4-A110-CAEF40C46F3A}.Release|Any CPU.ActiveCfg = Release|Any CPU
		{2BC7E9BA-7663-4AC4-A110-CAEF40C46F3A}.Release|Any CPU.Build.0 = Release|Any CPU
	EndGlobalSection
EndGlobal
